
Microsoft Visual Studio Solution File, Format Version 12.00
# Visual Studio Version 17
VisualStudioVersion = 17.10.35122.118
MinimumVisualStudioVersion = 10.0.40219.1
Project("{FAE04EC0-301F-11D3-BF4B-00C04F79EFBC}") = "MTSTeskTask", "MTSTeskTask\MTSTeskTask.csproj", "{8FBFB0C3-8B81-4240-BE36-FD3881E1185D}"
EndProject
Global
	GlobalSection(SolutionConfigurationPlatforms) = preSolution
		Debug|Any CPU = Debug|Any CPU
		Release|Any CPU = Release|Any CPU
	EndGlobalSection
	GlobalSection(ProjectConfigurationPlatforms) = postSolution
		{8FBFB0C3-8B81-4240-BE36-FD3881E1185D}.Debug|Any CPU.ActiveCfg = Debug|Any CPU
		{8FBFB0C3-8B81-4240-BE36-FD3881E1185D}.Debug|Any CPU.Build.0 = Debug|Any CPU
		{8FBFB0C3-8B81-4240-BE36-FD3881E1185D}.Release|Any CPU.ActiveCfg = Release|Any CPU
		{8FBFB0C3-8B81-4240-BE36-FD3881E1185D}.Release|Any CPU.Build.0 = Release|Any CPU
	EndGlobalSection
	GlobalSection(SolutionProperties) = preSolution
		HideSolutionNode = FALSE
	EndGlobalSection
	GlobalSection(ExtensibilityGlobals) = postSolution
		SolutionGuid = {CDE93888-9C29-422B-ACDF-93302669C45B}
	EndGlobalSection
EndGlobal
